<Solution>
  <Folder Name="/src/">
    <Project Path="src/JupyterNet.Cli/JupyterNet.Cli.csproj" />
    <Project Path="src/JupyterNet.Engine/JupyterNet.Engine.csproj" />
    <Project Path="src/JupyterNet.Host/JupyterNet.Host.csproj" />
    <Project Path="src/JupyterNet.Kernels.Abstractions/JupyterNet.Kernels.Abstractions.csproj" />
    <Project Path="src/JupyterNet.Kernels.CSharp/JupyterNet.Kernels.CSharp.csproj" />
    <Project Path="src/JupyterNet.Kernels.FSharp/JupyterNet.Kernels.FSharp.csproj" />
    <Project Path="src/JupyterNet.Kernels.PowerShell/JupyterNet.Kernels.PowerShell.csproj" />
    <Project Path="src/JupyterNet.Kernels.PowerFx/JupyterNet.Kernels.PowerFx.csproj" />
    <Project Path="src/JupyterNet.Protocol/JupyterNet.Protocol.csproj" />
  </Folder>
  <Folder Name="/samples/">
    <Project Path="samples/EmbeddingSample/EmbeddingSample.csproj" />
  </Folder>
  <Folder Name="/tests/">
    <Project Path="tests/JupyterNet.Tests/JupyterNet.Tests.csproj" />
  </Folder>
</Solution>
